// !$*UTF8*$!
{
	archiveVersion = 1;
	classes = {
	};
	objectVersion = 50;
	objects = {

/* Begin PBXBuildFile section */
		9332FA8523B4E7A8001BBDBC /* AppsSearchController.swift in Sources */ = {isa = PBXBuildFile; fileRef = 9332FA8423B4E7A8001BBDBC /* AppsSearchController.swift */; };
		9332FA8823B585E5001BBDBC /* SearchResultCell.swift in Sources */ = {isa = PBXBuildFile; fileRef = 9332FA8723B585E5001BBDBC /* SearchResultCell.swift */; };
		9370A17E23B439CC007C456D /* AppDelegate.swift in Sources */ = {isa = PBXBuildFile; fileRef = 9370A17D23B439CC007C456D /* AppDelegate.swift */; };
		9370A18023B439CC007C456D /* SceneDelegate.swift in Sources */ = {isa = PBXBuildFile; fileRef = 9370A17F23B439CC007C456D /* SceneDelegate.swift */; };
		9370A18223B439CC007C456D /* ViewController.swift in Sources */ = {isa = PBXBuildFile; fileRef = 9370A18123B439CC007C456D /* ViewController.swift */; };
		9370A18523B439CC007C456D /* Main.storyboard in Resources */ = {isa = PBXBuildFile; fileRef = 9370A18323B439CC007C456D /* Main.storyboard */; };
		9370A18723B439CF007C456D /* Assets.xcassets in Resources */ = {isa = PBXBuildFile; fileRef = 9370A18623B439CF007C456D /* Assets.xcassets */; };
		9370A18A23B439CF007C456D /* LaunchScreen.storyboard in Resources */ = {isa = PBXBuildFile; fileRef = 9370A18823B439CF007C456D /* LaunchScreen.storyboard */; };
		9370A19523B439D0007C456D /* AppStoreJSONApisTests.swift in Sources */ = {isa = PBXBuildFile; fileRef = 9370A19423B439D0007C456D /* AppStoreJSONApisTests.swift */; };
		9370A1A023B43A4D007C456D /* BaseTabBarController.swift in Sources */ = {isa = PBXBuildFile; fileRef = 9370A19F23B43A4D007C456D /* BaseTabBarController.swift */; };
/* End PBXBuildFile section */

/* Begin PBXContainerItemProxy section */
		9370A19123B439D0007C456D /* PBXContainerItemProxy */ = {
			isa = PBXContainerItemProxy;
			containerPortal = 9370A17223B439CC007C456D /* Project object */;
			proxyType = 1;
			remoteGlobalIDString = 9370A17923B439CC007C456D;
			remoteInfo = AppStoreJSONApis;
		};
/* End PBXContainerItemProxy section */

/* Begin PBXFileReference section */
		9332FA8423B4E7A8001BBDBC /* AppsSearchController.swift */ = {isa = PBXFileReference; lastKnownFileType = sourcecode.swift; path = AppsSearchController.swift; sourceTree = "<group>"; };
		9332FA8723B585E5001BBDBC /* SearchResultCell.swift */ = {isa = PBXFileReference; lastKnownFileType = sourcecode.swift; path = SearchResultCell.swift; sourceTree = "<group>"; };
		9370A17A23B439CC007C456D /* AppStoreJSONApis.app */ = {isa = PBXFileReference; explicitFileType = wrapper.application; includeInIndex = 0; path = AppStoreJSONApis.app; sourceTree = BUILT_PRODUCTS_DIR; };
		9370A17D23B439CC007C456D /* AppDelegate.swift */ = {isa = PBXFileReference; lastKnownFileType = sourcecode.swift; path = AppDelegate.swift; sourceTree = "<group>"; };
		9370A17F23B439CC007C456D /* SceneDelegate.swift */ = {isa = PBXFileReference; lastKnownFileType = sourcecode.swift; path = SceneDelegate.swift; sourceTree = "<group>"; };
		9370A18123B439CC007C456D /* ViewController.swift */ = {isa = PBXFileReference; lastKnownFileType = sourcecode.swift; path = ViewController.swift; sourceTree = "<group>"; };
		9370A18423B439CC007C456D /* Base */ = {isa = PBXFileReference; lastKnownFileType = file.storyboard; name = Base; path = Base.lproj/Main.storyboard; sourceTree = "<group>"; };
		9370A18623B439CF007C456D /* Assets.xcassets */ = {isa = PBXFileReference; lastKnownFileType = folder.assetcatalog; path = Assets.xcassets; sourceTree = "<group>"; };
		9370A18923B439CF007C456D /* Base */ = {isa = PBXFileReference; lastKnownFileType = file.storyboard; name = Base; path = Base.lproj/LaunchScreen.storyboard; sourceTree = "<group>"; };
		9370A18B23B439CF007C456D /* Info.plist */ = {isa = PBXFileReference; lastKnownFileType = text.plist.xml; path = Info.plist; sourceTree = "<group>"; };
		9370A19023B439D0007C456D /* AppStoreJSONApisTests.xctest */ = {isa = PBXFileReference; explicitFileType = wrapper.cfbundle; includeInIndex = 0; path = AppStoreJSONApisTests.xctest; sourceTree = BUILT_PRODUCTS_DIR; };
		9370A19423B439D0007C456D /* AppStoreJSONApisTests.swift */ = {isa = PBXFileReference; lastKnownFileType = sourcecode.swift; path = AppStoreJSONApisTests.swift; sourceTree = "<group>"; };
		9370A19623B439D0007C456D /* Info.plist */ = {isa = PBXFileReference; lastKnownFileType = text.plist.xml; path = Info.plist; sourceTree = "<group>"; };
		9370A19F23B43A4D007C456D /* BaseTabBarController.swift */ = {isa = PBXFileReference; lastKnownFileType = sourcecode.swift; path = BaseTabBarController.swift; sourceTree = "<group>"; };
/* End PBXFileReference section */

/* Begin PBXFrameworksBuildPhase section */
		9370A17723B439CC007C456D /* Frameworks */ = {
			isa = PBXFrameworksBuildPhase;
			buildActionMask = 2147483647;
			files = (
			);
			runOnlyForDeploymentPostprocessing = 0;
		};
		9370A18D23B439D0007C456D /* Frameworks */ = {
			isa = PBXFrameworksBuildPhase;
			buildActionMask = 2147483647;
			files = (
			);
			runOnlyForDeploymentPostprocessing = 0;
		};
/* End PBXFrameworksBuildPhase section */

/* Begin PBXGroup section */
		9332FA8323B4E780001BBDBC /* Controller */ = {
			isa = PBXGroup;
			children = (
				9370A19F23B43A4D007C456D /* BaseTabBarController.swift */,
				9332FA8423B4E7A8001BBDBC /* AppsSearchController.swift */,
			);
			path = Controller;
			sourceTree = "<group>";
		};
		9332FA8623B585BB001BBDBC /* Views */ = {
			isa = PBXGroup;
			children = (
				9332FA8723B585E5001BBDBC /* SearchResultCell.swift */,
			);
			path = Views;
			sourceTree = "<group>";
		};
		9370A17123B439CC007C456D = {
			isa = PBXGroup;
			children = (
				9370A17C23B439CC007C456D /* AppStoreJSONApis */,
				9370A19323B439D0007C456D /* AppStoreJSONApisTests */,
				9370A17B23B439CC007C456D /* Products */,
			);
			sourceTree = "<group>";
		};
		9370A17B23B439CC007C456D /* Products */ = {
			isa = PBXGroup;
			children = (
				9370A17A23B439CC007C456D /* AppStoreJSONApis.app */,
				9370A19023B439D0007C456D /* AppStoreJSONApisTests.xctest */,
			);
			name = Products;
			sourceTree = "<group>";
		};
		9370A17C23B439CC007C456D /* AppStoreJSONApis */ = {
			isa = PBXGroup;
			children = (
				9332FA8623B585BB001BBDBC /* Views */,
				9332FA8323B4E780001BBDBC /* Controller */,
				9370A17D23B439CC007C456D /* AppDelegate.swift */,
				9370A17F23B439CC007C456D /* SceneDelegate.swift */,
				9370A18123B439CC007C456D /* ViewController.swift */,
				9370A18323B439CC007C456D /* Main.storyboard */,
				9370A18623B439CF007C456D /* Assets.xcassets */,
				9370A18823B439CF007C456D /* LaunchScreen.storyboard */,
				9370A18B23B439CF007C456D /* Info.plist */,
			);
			path = AppStoreJSONApis;
			sourceTree = "<group>";
		};
		9370A19323B439D0007C456D /* AppStoreJSONApisTests */ = {
			isa = PBXGroup;
			children = (
				9370A19423B439D0007C456D /* AppStoreJSONApisTests.swift */,
				9370A19623B439D0007C456D /* Info.plist */,
			);
			path = AppStoreJSONApisTests;
			sourceTree = "<group>";
		};
/* End PBXGroup section */

/* Begin PBXNativeTarget section */
		9370A17923B439CC007C456D /* AppStoreJSONApis */ = {
			isa = PBXNativeTarget;
			buildConfigurationList = 9370A19923B439D0007C456D /* Build configuration list for PBXNativeTarget "AppStoreJSONApis" */;
			buildPhases = (
				9370A17623B439CC007C456D /* Sources */,
				9370A17723B439CC007C456D /* Frameworks */,
				9370A17823B439CC007C456D /* Resources */,
			);
			buildRules = (
			);
			dependencies = (
			);
			name = AppStoreJSONApis;
			productName = AppStoreJSONApis;
			productReference = 9370A17A23B439CC007C456D /* AppStoreJSONApis.app */;
			productType = "com.apple.product-type.application";
		};
		9370A18F23B439D0007C456D /* AppStoreJSONApisTests */ = {
			isa = PBXNativeTarget;
			buildConfigurationList = 9370A19C23B439D0007C456D /* Build configuration list for PBXNativeTarget "AppStoreJSONApisTests" */;
			buildPhases = (
				9370A18C23B439D0007C456D /* Sources */,
				9370A18D23B439D0007C456D /* Frameworks */,
				9370A18E23B439D0007C456D /* Resources */,
			);
			buildRules = (
			);
			dependencies = (
				9370A19223B439D0007C456D /* PBXTargetDependency */,
			);
			name = AppStoreJSONApisTests;
			productName = AppStoreJSONApisTests;
			productReference = 9370A19023B439D0007C456D /* AppStoreJSONApisTests.xctest */;
			productType = "com.apple.product-type.bundle.unit-test";
		};
/* End PBXNativeTarget section */

/* Begin PBXProject section */
		9370A17223B439CC007C456D /* Project object */ = {
			isa = PBXProject;
			attributes = {
				LastSwiftUpdateCheck = 1130;
				LastUpgradeCheck = 1130;
				ORGANIZATIONNAME = zombietux;
				TargetAttributes = {
					9370A17923B439CC007C456D = {
						CreatedOnToolsVersion = 11.3;
					};
					9370A18F23B439D0007C456D = {
						CreatedOnToolsVersion = 11.3;
						TestTargetID = 9370A17923B439CC007C456D;
					};
				};
			};
			buildConfigurationList = 9370A17523B439CC007C456D /* Build configuration list for PBXProject "AppStoreJSONApis" */;
			compatibilityVersion = "Xcode 9.3";
			developmentRegion = en;
			hasScannedForEncodings = 0;
			knownRegions = (
				en,
				Base,
			);
			mainGroup = 9370A17123B439CC007C456D;
			productRefGroup = 9370A17B23B439CC007C456D /* Products */;
			projectDirPath = "";
			projectRoot = "";
			targets = (
				9370A17923B439CC007C456D /* AppStoreJSONApis */,
				9370A18F23B439D0007C456D /* AppStoreJSONApisTests */,
			);
		};
/* End PBXProject section */

/* Begin PBXResourcesBuildPhase section */
		9370A17823B439CC007C456D /* Resources */ = {
			isa = PBXResourcesBuildPhase;
			buildActionMask = 2147483647;
			files = (
				9370A18A23B439CF007C456D /* LaunchScreen.storyboard in Resources */,
				9370A18723B439CF007C456D /* Assets.xcassets in Resources */,
				9370A18523B439CC007C456D /* Main.storyboard in Resources */,
			);
			runOnlyForDeploymentPostprocessing = 0;
		};
		9370A18E23B439D0007C456D /* Resources */ = {
			isa = PBXResourcesBuildPhase;
			buildActionMask = 2147483647;
			files = (
			);
			runOnlyForDeploymentPostprocessing = 0;
		};
/* End PBXResourcesBuildPhase section */

/* Begin PBXSourcesBuildPhase section */
		9370A17623B439CC007C456D /* Sources */ = {
			isa = PBXSourcesBuildPhase;
			buildActionMask = 2147483647;
			files = (
				9370A1A023B43A4D007C456D /* BaseTabBarController.swift in Sources */,
				9370A18223B439CC007C456D /* ViewController.swift in Sources */,
				9370A17E23B439CC007C456D /* AppDelegate.swift in Sources */,
				9332FA8523B4E7A8001BBDBC /* AppsSearchController.swift in Sources */,
				9332FA8823B585E5001BBDBC /* SearchResultCell.swift in Sources */,
				9370A18023B439CC007C456D /* SceneDelegate.swift in Sources */,
			);
			runOnlyForDeploymentPostprocessing = 0;
		};
		9370A18C23B439D0007C456D /* Sources */ = {
			isa = PBXSourcesBuildPhase;
			buildActionMask = 2147483647;
			files = (
				9370A19523B439D0007C456D /* AppStoreJSONApisTests.swift in Sources */,
			);
			runOnlyForDeploymentPostprocessing = 0;
		};
/* End PBXSourcesBuildPhase section */

/* Begin PBXTargetDependency section */
		9370A19223B439D0007C456D /* PBXTargetDependency */ = {
			isa = PBXTargetDependency;
			target = 9370A17923B439CC007C456D /* AppStoreJSONApis */;
			targetProxy = 9370A19123B439D0007C456D /* PBXContainerItemProxy */;
		};
/* End PBXTargetDependency section */

/* Begin PBXVariantGroup section */
		9370A18323B439CC007C456D /* Main.storyboard */ = {
			isa = PBXVariantGroup;
			children = (
				9370A18423B439CC007C456D /* Base */,
			);
			name = Main.storyboard;
			sourceTree = "<group>";
		};
		9370A18823B439CF007C456D /* LaunchScreen.storyboard */ = {
			isa = PBXVariantGroup;
			children = (
				9370A18923B439CF007C456D /* Base */,
			);
			name = LaunchScreen.storyboard;
			sourceTree = "<group>";
		};
/* End PBXVariantGroup section */

/* Begin XCBuildConfiguration section */
		9370A19723B439D0007C456D /* Debug */ = {
			isa = XCBuildConfiguration;
			buildSettings = {
				ALWAYS_SEARCH_USER_PATHS = NO;
				CLANG_ANALYZER_NONNULL = YES;
				CLANG_ANALYZER_NUMBER_OBJECT_CONVERSION = YES_AGGRESSIVE;
				CLANG_CXX_LANGUAGE_STANDARD = "gnu++14";
				CLANG_CXX_LIBRARY = "libc++";
				CLANG_ENABLE_MODULES = YES;
				CLANG_ENABLE_OBJC_ARC = YES;
				CLANG_ENABLE_OBJC_WEAK = YES;
				CLANG_WARN_BLOCK_CAPTURE_AUTORELEASING = YES;
				CLANG_WARN_BOOL_CONVERSION = YES;
				CLANG_WARN_COMMA = YES;
				CLANG_WARN_CONSTANT_CONVERSION = YES;
				CLANG_WARN_DEPRECATED_OBJC_IMPLEMENTATIONS = YES;
				CLANG_WARN_DIRECT_OBJC_ISA_USAGE = YES_ERROR;
				CLANG_WARN_DOCUMENTATION_COMMENTS = YES;
				CLANG_WARN_EMPTY_BODY = YES;
				CLANG_WARN_ENUM_CONVERSION = YES;
				CLANG_WARN_INFINITE_RECURSION = YES;
				CLANG_WARN_INT_CONVERSION = YES;
				CLANG_WARN_NON_LITERAL_NULL_CONVERSION = YES;
				CLANG_WARN_OBJC_IMPLICIT_RETAIN_SELF = YES;
				CLANG_WARN_OBJC_LITERAL_CONVERSION = YES;
				CLANG_WARN_OBJC_ROOT_CLASS = YES_ERROR;
				CLANG_WARN_RANGE_LOOP_ANALYSIS = YES;
				CLANG_WARN_STRICT_PROTOTYPES = YES;
				CLANG_WARN_SUSPICIOUS_MOVE = YES;
				CLANG_WARN_UNGUARDED_AVAILABILITY = YES_AGGRESSIVE;
				CLANG_WARN_UNREACHABLE_CODE = YES;
				CLANG_WARN__DUPLICATE_METHOD_MATCH = YES;
				COPY_PHASE_STRIP = NO;
				DEBUG_INFORMATION_FORMAT = dwarf;
				ENABLE_STRICT_OBJC_MSGSEND = YES;
				ENABLE_TESTABILITY = YES;
				GCC_C_LANGUAGE_STANDARD = gnu11;
				GCC_DYNAMIC_NO_PIC = NO;
				GCC_NO_COMMON_BLOCKS = YES;
				GCC_OPTIMIZATION_LEVEL = 0;
				GCC_PREPROCESSOR_DEFINITIONS = (
					"DEBUG=1",
					"$(inherited)",
				);
				GCC_WARN_64_TO_32_BIT_CONVERSION = YES;
				GCC_WARN_ABOUT_RETURN_TYPE = YES_ERROR;
				GCC_WARN_UNDECLARED_SELECTOR = YES;
				GCC_WARN_UNINITIALIZED_AUTOS = YES_AGGRESSIVE;
				GCC_WARN_UNUSED_FUNCTION = YES;
				GCC_WARN_UNUSED_VARIABLE = YES;
				IPHONEOS_DEPLOYMENT_TARGET = 13.2;
				MTL_ENABLE_DEBUG_INFO = INCLUDE_SOURCE;
				MTL_FAST_MATH = YES;
				ONLY_ACTIVE_ARCH = YES;
				SDKROOT = iphoneos;
				SWIFT_ACTIVE_COMPILATION_CONDITIONS = DEBUG;
				SWIFT_OPTIMIZATION_LEVEL = "-Onone";
			};
			name = Debug;
		};
		9370A19823B439D0007C456D /* Release */ = {
			isa = XCBuildConfiguration;
			buildSettings = {
				ALWAYS_SEARCH_USER_PATHS = NO;
				CLANG_ANALYZER_NONNULL = YES;
				CLANG_ANALYZER_NUMBER_OBJECT_CONVERSION = YES_AGGRESSIVE;
				CLANG_CXX_LANGUAGE_STANDARD = "gnu++14";
				CLANG_CXX_LIBRARY = "libc++";
				CLANG_ENABLE_MODULES = YES;
				CLANG_ENABLE_OBJC_ARC = YES;
				CLANG_ENABLE_OBJC_WEAK = YES;
				CLANG_WARN_BLOCK_CAPTURE_AUTORELEASING = YES;
				CLANG_WARN_BOOL_CONVERSION = YES;
				CLANG_WARN_COMMA = YES;
				CLANG_WARN_CONSTANT_CONVERSION = YES;
				CLANG_WARN_DEPRECATED_OBJC_IMPLEMENTATIONS = YES;
				CLANG_WARN_DIRECT_OBJC_ISA_USAGE = YES_ERROR;
				CLANG_WARN_DOCUMENTATION_COMMENTS = YES;
				CLANG_WARN_EMPTY_BODY = YES;
				CLANG_WARN_ENUM_CONVERSION = YES;
				CLANG_WARN_INFINITE_RECURSION = YES;
				CLANG_WARN_INT_CONVERSION = YES;
				CLANG_WARN_NON_LITERAL_NULL_CONVERSION = YES;
				CLANG_WARN_OBJC_IMPLICIT_RETAIN_SELF = YES;
				CLANG_WARN_OBJC_LITERAL_CONVERSION = YES;
				CLANG_WARN_OBJC_ROOT_CLASS = YES_ERROR;
				CLANG_WARN_RANGE_LOOP_ANALYSIS = YES;
				CLANG_WARN_STRICT_PROTOTYPES = YES;
				CLANG_WARN_SUSPICIOUS_MOVE = YES;
				CLANG_WARN_UNGUARDED_AVAILABILITY = YES_AGGRESSIVE;
				CLANG_WARN_UNREACHABLE_CODE = YES;
				CLANG_WARN__DUPLICATE_METHOD_MATCH = YES;
				COPY_PHASE_STRIP = NO;
				DEBUG_INFORMATION_FORMAT = "dwarf-with-dsym";
				ENABLE_NS_ASSERTIONS = NO;
				ENABLE_STRICT_OBJC_MSGSEND = YES;
				GCC_C_LANGUAGE_STANDARD = gnu11;
				GCC_NO_COMMON_BLOCKS = YES;
				GCC_WARN_64_TO_32_BIT_CONVERSION = YES;
				GCC_WARN_ABOUT_RETURN_TYPE = YES_ERROR;
				GCC_WARN_UNDECLARED_SELECTOR = YES;
				GCC_WARN_UNINITIALIZED_AUTOS = YES_AGGRESSIVE;
				GCC_WARN_UNUSED_FUNCTION = YES;
				GCC_WARN_UNUSED_VARIABLE = YES;
				IPHONEOS_DEPLOYMENT_TARGET = 13.2;
				MTL_ENABLE_DEBUG_INFO = NO;
				MTL_FAST_MATH = YES;
				SDKROOT = iphoneos;
				SWIFT_COMPILATION_MODE = wholemodule;
				SWIFT_OPTIMIZATION_LEVEL = "-O";
				VALIDATE_PRODUCT = YES;
			};
			name = Release;
		};
		9370A19A23B439D0007C456D /* Debug */ = {
			isa = XCBuildConfiguration;
			buildSettings = {
				ASSETCATALOG_COMPILER_APPICON_NAME = AppIcon;
				CODE_SIGN_STYLE = Automatic;
				DEVELOPMENT_TEAM = 8G43M5CX79;
				INFOPLIST_FILE = AppStoreJSONApis/Info.plist;
				LD_RUNPATH_SEARCH_PATHS = (
					"$(inherited)",
					"@executable_path/Frameworks",
				);
				PRODUCT_BUNDLE_IDENTIFIER = com.zombietux.AppStoreJSONApis;
				PRODUCT_NAME = "$(TARGET_NAME)";
				SWIFT_VERSION = 5.0;
				TARGETED_DEVICE_FAMILY = "1,2";
			};
			name = Debug;
		};
		9370A19B23B439D0007C456D /* Release */ = {
			isa = XCBuildConfiguration;
			buildSettings = {
				ASSETCATALOG_COMPILER_APPICON_NAME = AppIcon;
				CODE_SIGN_STYLE = Automatic;
				DEVELOPMENT_TEAM = 8G43M5CX79;
				INFOPLIST_FILE = AppStoreJSONApis/Info.plist;
				LD_RUNPATH_SEARCH_PATHS = (
					"$(inherited)",
					"@executable_path/Frameworks",
				);
				PRODUCT_BUNDLE_IDENTIFIER = com.zombietux.AppStoreJSONApis;
				PRODUCT_NAME = "$(TARGET_NAME)";
				SWIFT_VERSION = 5.0;
				TARGETED_DEVICE_FAMILY = "1,2";
			};
			name = Release;
		};
		9370A19D23B439D0007C456D /* Debug */ = {
			isa = XCBuildConfiguration;
			buildSettings = {
				ALWAYS_EMBED_SWIFT_STANDARD_LIBRARIES = YES;
				BUNDLE_LOADER = "$(TEST_HOST)";
				CODE_SIGN_STYLE = Automatic;
				DEVELOPMENT_TEAM = 8G43M5CX79;
				INFOPLIST_FILE = AppStoreJSONApisTests/Info.plist;
				IPHONEOS_DEPLOYMENT_TARGET = 13.2;
				LD_RUNPATH_SEARCH_PATHS = (
					"$(inherited)",
					"@executable_path/Frameworks",
					"@loader_path/Frameworks",
				);
				PRODUCT_BUNDLE_IDENTIFIER = com.zombietux.AppStoreJSONApisTests;
				PRODUCT_NAME = "$(TARGET_NAME)";
				SWIFT_VERSION = 5.0;
				TARGETED_DEVICE_FAMILY = "1,2";
				TEST_HOST = "$(BUILT_PRODUCTS_DIR)/AppStoreJSONApis.app/AppStoreJSONApis";
			};
			name = Debug;
		};
		9370A19E23B439D0007C456D /* Release */ = {
			isa = XCBuildConfiguration;
			buildSettings = {
				ALWAYS_EMBED_SWIFT_STANDARD_LIBRARIES = YES;
				BUNDLE_LOADER = "$(TEST_HOST)";
				CODE_SIGN_STYLE = Automatic;
				DEVELOPMENT_TEAM = 8G43M5CX79;
				INFOPLIST_FILE = AppStoreJSONApisTests/Info.plist;
				IPHONEOS_DEPLOYMENT_TARGET = 13.2;
				LD_RUNPATH_SEARCH_PATHS = (
					"$(inherited)",
					"@executable_path/Frameworks",
					"@loader_path/Frameworks",
				);
				PRODUCT_BUNDLE_IDENTIFIER = com.zombietux.AppStoreJSONApisTests;
				PRODUCT_NAME = "$(TARGET_NAME)";
				SWIFT_VERSION = 5.0;
				TARGETED_DEVICE_FAMILY = "1,2";
				TEST_HOST = "$(BUILT_PRODUCTS_DIR)/AppStoreJSONApis.app/AppStoreJSONApis";
			};
			name = Release;
		};
/* End XCBuildConfiguration section */

/* Begin XCConfigurationList section */
		9370A17523B439CC007C456D /* Build configuration list for PBXProject "AppStoreJSONApis" */ = {
			isa = XCConfigurationList;
			buildConfigurations = (
				9370A19723B439D0007C456D /* Debug */,
				9370A19823B439D0007C456D /* Release */,
			);
			defaultConfigurationIsVisible = 0;
			defaultConfigurationName = Release;
		};
		9370A19923B439D0007C456D /* Build configuration list for PBXNativeTarget "AppStoreJSONApis" */ = {
			isa = XCConfigurationList;
			buildConfigurations = (
				9370A19A23B439D0007C456D /* Debug */,
				9370A19B23B439D0007C456D /* Release */,
			);
			defaultConfigurationIsVisible = 0;
			defaultConfigurationName = Release;
		};
		9370A19C23B439D0007C456D /* Build configuration list for PBXNativeTarget "AppStoreJSONApisTests" */ = {
			isa = XCConfigurationList;
			buildConfigurations = (
				9370A19D23B439D0007C456D /* Debug */,
				9370A19E23B439D0007C456D /* Release */,
			);
			defaultConfigurationIsVisible = 0;
			defaultConfigurationName = Release;
		};
/* End XCConfigurationList section */
	};
	rootObject = 9370A17223B439CC007C456D /* Project object */;
}
